
Microsoft Visual Studio Solution File, Format Version 12.00
# Visual Studio Version 16
VisualStudioVersion = 16.0.30717.126
MinimumVisualStudioVersion = 10.0.40219.1
Project("{9A19103F-16F7-4668-BE54-9A1E7A4F7556}") = "Api", "Api\Api.csproj", "{354DB79D-72CC-4BF8-B959-42CB227F6D36}"
	ProjectSection(ProjectDependencies) = postProject
		{3E9F2FA0-18B1-4364-9BB7-2DCE3DF31655} = {3E9F2FA0-18B1-4364-9BB7-2DCE3DF31655}
	EndProjectSection
EndProject
Project("{9A19103F-16F7-4668-BE54-9A1E7A4F7556}") = "Helper", "ApiHelper\Helper.csproj", "{3E9F2FA0-18B1-4364-9BB7-2DCE3DF31655}"
EndProject
Project("{9A19103F-16F7-4668-BE54-9A1E7A4F7556}") = "Ceneo.GUI", "Ceneo.GUI\Ceneo.GUI.csproj", "{EA487E38-F5EA-47EE-927F-B362B95390A0}"
	ProjectSection(ProjectDependencies) = postProject
		{3E9F2FA0-18B1-4364-9BB7-2DCE3DF31655} = {3E9F2FA0-18B1-4364-9BB7-2DCE3DF31655}
	EndProjectSection
EndProject
Project("{FAE04EC0-301F-11D3-BF4B-00C04F79EFBC}") = "WebParserTest", "WebParserTest\WebParserTest.csproj", "{5EBBBA40-D545-462C-8DB2-960FDCB6FAFD}"
EndProject
Global
	GlobalSection(SolutionConfigurationPlatforms) = preSolution
		Debug|Any CPU = Debug|Any CPU
		Release|Any CPU = Release|Any CPU
	EndGlobalSection
	GlobalSection(ProjectConfigurationPlatforms) = postSolution
		{354DB79D-72CC-4BF8-B959-42CB227F6D36}.Debug|Any CPU.ActiveCfg = Debug|Any CPU
		{354DB79D-72CC-4BF8-B959-42CB227F6D36}.Debug|Any CPU.Build.0 = Debug|Any CPU
		{354DB79D-72CC-4BF8-B959-42CB227F6D36}.Release|Any CPU.ActiveCfg = Release|Any CPU
		{354DB79D-72CC-4BF8-B959-42CB227F6D36}.Release|Any CPU.Build.0 = Release|Any CPU
		{3E9F2FA0-18B1-4364-9BB7-2DCE3DF31655}.Debug|Any CPU.ActiveCfg = Debug|Any CPU
		{3E9F2FA0-18B1-4364-9BB7-2DCE3DF31655}.Debug|Any CPU.Build.0 = Debug|Any CPU
		{3E9F2FA0-18B1-4364-9BB7-2DCE3DF31655}.Release|Any CPU.ActiveCfg = Release|Any CPU
		{3E9F2FA0-18B1-4364-9BB7-2DCE3DF31655}.Release|Any CPU.Build.0 = Release|Any CPU
		{EA487E38-F5EA-47EE-927F-B362B95390A0}.Debug|Any CPU.ActiveCfg = Debug|Any CPU
		{EA487E38-F5EA-47EE-927F-B362B95390A0}.Debug|Any CPU.Build.0 = Debug|Any CPU
		{EA487E38-F5EA-47EE-927F-B362B95390A0}.Release|Any CPU.ActiveCfg = Release|Any CPU
		{EA487E38-F5EA-47EE-927F-B362B95390A0}.Release|Any CPU.Build.0 = Release|Any CPU
		{5EBBBA40-D545-462C-8DB2-960FDCB6FAFD}.Debug|Any CPU.ActiveCfg = Debug|Any CPU
		{5EBBBA40-D545-462C-8DB2-960FDCB6FAFD}.Debug|Any CPU.Build.0 = Debug|Any CPU
		{5EBBBA40-D545-462C-8DB2-960FDCB6FAFD}.Release|Any CPU.ActiveCfg = Release|Any CPU
		{5EBBBA40-D545-462C-8DB2-960FDCB6FAFD}.Release|Any CPU.Build.0 = Release|Any CPU
	EndGlobalSection
	GlobalSection(SolutionProperties) = preSolution
		HideSolutionNode = FALSE
	EndGlobalSection
	GlobalSection(ExtensibilityGlobals) = postSolution
		SolutionGuid = {FB13B825-DAFA-439E-8F37-7A396B0C9758}
	EndGlobalSection
EndGlobal
